Microsoft Visual Studio Solution File, Format Version 12.00
# Visual Studio Version 16
VisualStudioVersion = 16.0.30114.105
MinimumVisualStudioVersion = 10.0.40219.1
Project("{2150E333-8FDC-42A3-9474-1A3956D46DE8}") = "src", "src", "{A6FA4314-373C-4503-BBC0-CEB964721B9F}"
EndProject
Project("{FAE04EC0-301F-11D3-BF4B-00C04F79EFBC}") = "Application", "src\Application\Application.csproj", "{0784A103-5141-44B7-85E7-3067D7D99F36}"
EndProject
Global
    GlobalSection(SolutionConfigurationPlatforms) = preSolution
        Debug|Any CPU = Debug|Any CPU
        Release|Any CPU = Release|Any CPU
    EndGlobalSection
    GlobalSection(SolutionProperties) = preSolution
        HideSolutionNode = FALSE
    EndGlobalSection
    GlobalSection(ProjectConfigurationPlatforms) = postSolution
        {0784A103-5141-44B7-85E7-3067D7D99F36}.Debug|Any CPU.ActiveCfg = Debug|Any CPU
        {0784A103-5141-44B7-85E7-3067D7D99F36}.Debug|Any CPU.Build.0 = Debug|Any CPU
        {0784A103-5141-44B7-85E7-3067D7D99F36}.Release|Any CPU.ActiveCfg = Release|Any CPU
        {0784A103-5141-44B7-85E7-3067D7D99F36}.Release|Any CPU.Build.0 = Release|Any CPU
    EndGlobalSection
    GlobalSection(NestedProjects) = preSolution
        {0784A103-5141-44B7-85E7-3067D7D99F36} = {A6FA4314-373C-4503-BBC0-CEB964721B9F}
    EndGlobalSection
EndGlobal
